
Microsoft Visual Studio Solution File, Format Version 12.00
# Visual Studio Version 17
VisualStudioVersion = 17.5.002.0
MinimumVisualStudioVersion = 10.0.40219.1
Project("{9A19103F-16F7-4668-BE54-9A1E7A4F7556}") = "APL2007M3", "APL2007M3.csproj", "{D828AC96-C21F-4214-BC6A-C816A1958FAF}"
EndProject
Global
	GlobalSection(SolutionConfigurationPlatforms) = preSolution
		Debug|Any CPU = Debug|Any CPU
		Release|Any CPU = Release|Any CPU
	EndGlobalSection
	GlobalSection(ProjectConfigurationPlatforms) = postSolution
		{D828AC96-C21F-4214-BC6A-C816A1958FAF}.Debug|Any CPU.ActiveCfg = Debug|Any CPU
		{D828AC96-C21F-4214-BC6A-C816A1958FAF}.Debug|Any CPU.Build.0 = Debug|Any CPU
		{D828AC96-C21F-4214-BC6A-C816A1958FAF}.Release|Any CPU.ActiveCfg = Release|Any CPU
		{D828AC96-C21F-4214-BC6A-C816A1958FAF}.Release|Any CPU.Build.0 = Release|Any CPU
	EndGlobalSection
	GlobalSection(SolutionProperties) = preSolution
		HideSolutionNode = FALSE
	EndGlobalSection
	GlobalSection(ExtensibilityGlobals) = postSolution
		SolutionGuid = {05AE8E2B-6616-44E8-BF4F-7E69096E3118}
	EndGlobalSection
EndGlobal
